// !$*UTF8*$!
{
	archiveVersion = 1;
	classes = {
	};
	objectVersion = 77;
	objects = {

/* Begin PBXBuildFile section */
		887C0B022D1B972900E896D8 /* Lottie in Frameworks */ = {isa = PBXBuildFile; productRef = 887C0B012D1B972900E896D8 /* Lottie */; };
/* End PBXBuildFile section */

/* Begin PBXContainerItemProxy section */
		88CF33DC2D195BE000C0425D /* PBXContainerItemProxy */ = {
			isa = PBXContainerItemProxy;
			containerPortal = 88CF33C32D195BDF00C0425D /* Project object */;
			proxyType = 1;
			remoteGlobalIDString = 88CF33CA2D195BDF00C0425D;
			remoteInfo = Travgram;
		};
		88CF33E62D195BE000C0425D /* PBXContainerItemProxy */ = {
			isa = PBXContainerItemProxy;
			containerPortal = 88CF33C32D195BDF00C0425D /* Project object */;
			proxyType = 1;
			remoteGlobalIDString = 88CF33CA2D195BDF00C0425D;
			remoteInfo = Travgram;
		};
/* End PBXContainerItemProxy section */

/* Begin PBXFileReference section */
		88CF33CB2D195BDF00C0425D /* Travgram.app */ = {isa = PBXFileReference; explicitFileType = wrapper.application; includeInIndex = 0; path = Travgram.app; sourceTree = BUILT_PRODUCTS_DIR; };
		88CF33DB2D195BE000C0425D /* TravgramTests.xctest */ = {isa = PBXFileReference; explicitFileType = wrapper.cfbundle; includeInIndex = 0; path = TravgramTests.xctest; sourceTree = BUILT_PRODUCTS_DIR; };
		88CF33E52D195BE000C0425D /* TravgramUITests.xctest */ = {isa = PBXFileReference; explicitFileType = wrapper.cfbundle; includeInIndex = 0; path = TravgramUITests.xctest; sourceTree = BUILT_PRODUCTS_DIR; };
/* End PBXFileReference section */

/* Begin PBXFileSystemSynchronizedRootGroup section */
		88CF33CD2D195BDF00C0425D /* Travgram */ = {
			isa = PBXFileSystemSynchronizedRootGroup;
			path = Travgram;
			sourceTree = "<group>";
		};
		88CF33DE2D195BE000C0425D /* TravgramTests */ = {
			isa = PBXFileSystemSynchronizedRootGroup;
			path = TravgramTests;
			sourceTree = "<group>";
		};
		88CF33E82D195BE000C0425D /* TravgramUITests */ = {
			isa = PBXFileSystemSynchronizedRootGroup;
			path = TravgramUITests;
			sourceTree = "<group>";
		};
/* End PBXFileSystemSynchronizedRootGroup section */

/* Begin PBXFrameworksBuildPhase section */
		88CF33C82D195BDF00C0425D /* Frameworks */ = {
			isa = PBXFrameworksBuildPhase;
			buildActionMask = 2147483647;
			files = (
				887C0B022D1B972900E896D8 /* Lottie in Frameworks */,
			);
			runOnlyForDeploymentPostprocessing = 0;
		};
		88CF33D82D195BE000C0425D /* Frameworks */ = {
			isa = PBXFrameworksBuildPhase;
			buildActionMask = 2147483647;
			files = (
			);
			runOnlyForDeploymentPostprocessing = 0;
		};
		88CF33E22D195BE000C0425D /* Frameworks */ = {
			isa = PBXFrameworksBuildPhase;
			buildActionMask = 2147483647;
			files = (
			);
			runOnlyForDeploymentPostprocessing = 0;
		};
/* End PBXFrameworksBuildPhase section */

/* Begin PBXGroup section */
		88CF33C22D195BDF00C0425D = {
			isa = PBXGroup;
			children = (
				88CF33CD2D195BDF00C0425D /* Travgram */,
				88CF33DE2D195BE000C0425D /* TravgramTests */,
				88CF33E82D195BE000C0425D /* TravgramUITests */,
				88CF33CC2D195BDF00C0425D /* Products */,
			);
			sourceTree = "<group>";
		};
		88CF33CC2D195BDF00C0425D /* Products */ = {
			isa = PBXGroup;
			children = (
				88CF33CB2D195BDF00C0425D /* Travgram.app */,
				88CF33DB2D195BE000C0425D /* TravgramTests.xctest */,
				88CF33E52D195BE000C0425D /* TravgramUITests.xctest */,
			);
			name = Products;
			sourceTree = "<group>";
		};
/* End PBXGroup section */

/* Begin PBXNativeTarget section */
		88CF33CA2D195BDF00C0425D /* Travgram */ = {
			isa = PBXNativeTarget;
			buildConfigurationList = 88CF33EF2D195BE000C0425D /* Build configuration list for PBXNativeTarget "Travgram" */;
			buildPhases = (
				88CF33C72D195BDF00C0425D /* Sources */,
				88CF33C82D195BDF00C0425D /* Frameworks */,
				88CF33C92D195BDF00C0425D /* Resources */,
			);
			buildRules = (
			);
			dependencies = (
			);
			fileSystemSynchronizedGroups = (
				88CF33CD2D195BDF00C0425D /* Travgram */,
			);
			name = Travgram;
			packageProductDependencies = (
				887C0B012D1B972900E896D8 /* Lottie */,
			);
			productName = Travgram;
			productReference = 88CF33CB2D195BDF00C0425D /* Travgram.app */;
			productType = "com.apple.product-type.application";
		};
		88CF33DA2D195BE000C0425D /* TravgramTests */ = {
			isa = PBXNativeTarget;
			buildConfigurationList = 88CF33F22D195BE000C0425D /* Build configuration list for PBXNativeTarget "TravgramTests" */;
			buildPhases = (
				88CF33D72D195BE000C0425D /* Sources */,
				88CF33D82D195BE000C0425D /* Frameworks */,
				88CF33D92D195BE000C0425D /* Resources */,
			);
			buildRules = (
			);
			dependencies = (
				88CF33DD2D195BE000C0425D /* PBXTargetDependency */,
			);
			fileSystemSynchronizedGroups = (
				88CF33DE2D195BE000C0425D /* TravgramTests */,
			);
			name = TravgramTests;
			packageProductDependencies = (
			);
			productName = TravgramTests;
			productReference = 88CF33DB2D195BE000C0425D /* TravgramTests.xctest */;
			productType = "com.apple.product-type.bundle.unit-test";
		};
		88CF33E42D195BE000C0425D /* TravgramUITests */ = {
			isa = PBXNativeTarget;
			buildConfigurationList = 88CF33F52D195BE000C0425D /* Build configuration list for PBXNativeTarget "TravgramUITests" */;
			buildPhases = (
				88CF33E12D195BE000C0425D /* Sources */,
				88CF33E22D195BE000C0425D /* Frameworks */,
				88CF33E32D195BE000C0425D /* Resources */,
			);
			buildRules = (
			);
			dependencies = (
				88CF33E72D195BE000C0425D /* PBXTargetDependency */,
			);
			fileSystemSynchronizedGroups = (
				88CF33E82D195BE000C0425D /* TravgramUITests */,
			);
			name = TravgramUITests;
			packageProductDependencies = (
			);
			productName = TravgramUITests;
			productReference = 88CF33E52D195BE000C0425D /* TravgramUITests.xctest */;
			productType = "com.apple.product-type.bundle.ui-testing";
		};
/* End PBXNativeTarget section */

/* Begin PBXProject section */
		88CF33C32D195BDF00C0425D /* Project object */ = {
			isa = PBXProject;
			attributes = {
				BuildIndependentTargetsInParallel = 1;
				LastSwiftUpdateCheck = 1620;
				LastUpgradeCheck = 1620;
				TargetAttributes = {
					88CF33CA2D195BDF00C0425D = {
						CreatedOnToolsVersion = 16.2;
					};
					88CF33DA2D195BE000C0425D = {
						CreatedOnToolsVersion = 16.2;
						TestTargetID = 88CF33CA2D195BDF00C0425D;
					};
					88CF33E42D195BE000C0425D = {
						CreatedOnToolsVersion = 16.2;
						TestTargetID = 88CF33CA2D195BDF00C0425D;
					};
				};
			};
			buildConfigurationList = 88CF33C62D195BDF00C0425D /* Build configuration list for PBXProject "Travgram" */;
			developmentRegion = en;
			hasScannedForEncodings = 0;
			knownRegions = (
				en,
				Base,
			);
			mainGroup = 88CF33C22D195BDF00C0425D;
			minimizedProjectReferenceProxies = 1;
			packageReferences = (
				887C0AFE2D1B963000E896D8 /* XCRemoteSwiftPackageReference "lottie-ios" */,
			);
			preferredProjectObjectVersion = 77;
			productRefGroup = 88CF33CC2D195BDF00C0425D /* Products */;
			projectDirPath = "";
			projectRoot = "";
			targets = (
				88CF33CA2D195BDF00C0425D /* Travgram */,
				88CF33DA2D195BE000C0425D /* TravgramTests */,
				88CF33E42D195BE000C0425D /* TravgramUITests */,
			);
		};
/* End PBXProject section */

/* Begin PBXResourcesBuildPhase section */
		88CF33C92D195BDF00C0425D /* Resources */ = {
			isa = PBXResourcesBuildPhase;
			buildActionMask = 2147483647;
			files = (
			);
			runOnlyForDeploymentPostprocessing = 0;
		};
		88CF33D92D195BE000C0425D /* Resources */ = {
			isa = PBXResourcesBuildPhase;
			buildActionMask = 2147483647;
			files = (
			);
			runOnlyForDeploymentPostprocessing = 0;
		};
		88CF33E32D195BE000C0425D /* Resources */ = {
			isa = PBXResourcesBuildPhase;
			buildActionMask = 2147483647;
			files = (
			);
			runOnlyForDeploymentPostprocessing = 0;
		};
/* End PBXResourcesBuildPhase section */

/* Begin PBXSourcesBuildPhase section */
		88CF33C72D195BDF00C0425D /* Sources */ = {
			isa = PBXSourcesBuildPhase;
			buildActionMask = 2147483647;
			files = (
			);
			runOnlyForDeploymentPostprocessing = 0;
		};
		88CF33D72D195BE000C0425D /* Sources */ = {
			isa = PBXSourcesBuildPhase;
			buildActionMask = 2147483647;
			files = (
			);
			runOnlyForDeploymentPostprocessing = 0;
		};
		88CF33E12D195BE000C0425D /* Sources */ = {
			isa = PBXSourcesBuildPhase;
			buildActionMask = 2147483647;
			files = (
			);
			runOnlyForDeploymentPostprocessing = 0;
		};
/* End PBXSourcesBuildPhase section */

/* Begin PBXTargetDependency section */
		88CF33DD2D195BE000C0425D /* PBXTargetDependency */ = {
			isa = PBXTargetDependency;
			target = 88CF33CA2D195BDF00C0425D /* Travgram */;
			targetProxy = 88CF33DC2D195BE000C0425D /* PBXContainerItemProxy */;
		};
		88CF33E72D195BE000C0425D /* PBXTargetDependency */ = {
			isa = PBXTargetDependency;
			target = 88CF33CA2D195BDF00C0425D /* Travgram */;
			targetProxy = 88CF33E62D195BE000C0425D /* PBXContainerItemProxy */;
		};
/* End PBXTargetDependency section */

/* Begin XCBuildConfiguration section */
		88CF33ED2D195BE000C0425D /* Debug */ = {
			isa = XCBuildConfiguration;
			buildSettings = {
				ALWAYS_SEARCH_USER_PATHS = NO;
				ASSETCATALOG_COMPILER_GENERATE_SWIFT_ASSET_SYMBOL_EXTENSIONS = YES;
				CLANG_ANALYZER_NONNULL = YES;
				CLANG_ANALYZER_NUMBER_OBJECT_CONVERSION = YES_AGGRESSIVE;
				CLANG_CXX_LANGUAGE_STANDARD = "gnu++20";
				CLANG_ENABLE_MODULES = YES;
				CLANG_ENABLE_OBJC_ARC = YES;
				CLANG_ENABLE_OBJC_WEAK = YES;
				CLANG_WARN_BLOCK_CAPTURE_AUTORELEASING = YES;
				CLANG_WARN_BOOL_CONVERSION = YES;
				CLANG_WARN_COMMA = YES;
				CLANG_WARN_CONSTANT_CONVERSION = YES;
				CLANG_WARN_DEPRECATED_OBJC_IMPLEMENTATIONS = YES;
				CLANG_WARN_DIRECT_OBJC_ISA_USAGE = YES_ERROR;
				CLANG_WARN_DOCUMENTATION_COMMENTS = YES;
				CLANG_WARN_EMPTY_BODY = YES;
				CLANG_WARN_ENUM_CONVERSION = YES;
				CLANG_WARN_INFINITE_RECURSION = YES;
				CLANG_WARN_INT_CONVERSION = YES;
				CLANG_WARN_NON_LITERAL_NULL_CONVERSION = YES;
				CLANG_WARN_OBJC_IMPLICIT_RETAIN_SELF = YES;
				CLANG_WARN_OBJC_LITERAL_CONVERSION = YES;
				CLANG_WARN_OBJC_ROOT_CLASS = YES_ERROR;
				CLANG_WARN_QUOTED_INCLUDE_IN_FRAMEWORK_HEADER = YES;
				CLANG_WARN_RANGE_LOOP_ANALYSIS = YES;
				CLANG_WARN_STRICT_PROTOTYPES = YES;
				CLANG_WARN_SUSPICIOUS_MOVE = YES;
				CLANG_WARN_UNGUARDED_AVAILABILITY = YES_AGGRESSIVE;
				CLANG_WARN_UNREACHABLE_CODE = YES;
				CLANG_WARN__DUPLICATE_METHOD_MATCH = YES;
				COPY_PHASE_STRIP = NO;
				DEBUG_INFORMATION_FORMAT = dwarf;
				ENABLE_STRICT_OBJC_MSGSEND = YES;
				ENABLE_TESTABILITY = YES;
				ENABLE_USER_SCRIPT_SANDBOXING = YES;
				GCC_C_LANGUAGE_STANDARD = gnu17;
				GCC_DYNAMIC_NO_PIC = NO;
				GCC_NO_COMMON_BLOCKS = YES;
				GCC_OPTIMIZATION_LEVEL = 0;
				GCC_PREPROCESSOR_DEFINITIONS = (
					"DEBUG=1",
					"$(inherited)",
				);
				GCC_WARN_64_TO_32_BIT_CONVERSION = YES;
				GCC_WARN_ABOUT_RETURN_TYPE = YES_ERROR;
				GCC_WARN_UNDECLARED_SELECTOR = YES;
				GCC_WARN_UNINITIALIZED_AUTOS = YES_AGGRESSIVE;
				GCC_WARN_UNUSED_FUNCTION = YES;
				GCC_WARN_UNUSED_VARIABLE = YES;
				IPHONEOS_DEPLOYMENT_TARGET = 18.2;
				LOCALIZATION_PREFERS_STRING_CATALOGS = YES;
				MTL_ENABLE_DEBUG_INFO = INCLUDE_SOURCE;
				MTL_FAST_MATH = YES;
				ONLY_ACTIVE_ARCH = YES;
				SDKROOT = iphoneos;
				SWIFT_ACTIVE_COMPILATION_CONDITIONS = "DEBUG $(inherited)";
				SWIFT_OPTIMIZATION_LEVEL = "-Onone";
			};
			name = Debug;
		};
		88CF33EE2D195BE000C0425D /* Release */ = {
			isa = XCBuildConfiguration;
			buildSettings = {
				ALWAYS_SEARCH_USER_PATHS = NO;
				ASSETCATALOG_COMPILER_GENERATE_SWIFT_ASSET_SYMBOL_EXTENSIONS = YES;
				CLANG_ANALYZER_NONNULL = YES;
				CLANG_ANALYZER_NUMBER_OBJECT_CONVERSION = YES_AGGRESSIVE;
				CLANG_CXX_LANGUAGE_STANDARD = "gnu++20";
				CLANG_ENABLE_MODULES = YES;
				CLANG_ENABLE_OBJC_ARC = YES;
				CLANG_ENABLE_OBJC_WEAK = YES;
				CLANG_WARN_BLOCK_CAPTURE_AUTORELEASING = YES;
				CLANG_WARN_BOOL_CONVERSION = YES;
				CLANG_WARN_COMMA = YES;
				CLANG_WARN_CONSTANT_CONVERSION = YES;
				CLANG_WARN_DEPRECATED_OBJC_IMPLEMENTATIONS = YES;
				CLANG_WARN_DIRECT_OBJC_ISA_USAGE = YES_ERROR;
				CLANG_WARN_DOCUMENTATION_COMMENTS = YES;
				CLANG_WARN_EMPTY_BODY = YES;
				CLANG_WARN_ENUM_CONVERSION = YES;
				CLANG_WARN_INFINITE_RECURSION = YES;
				CLANG_WARN_INT_CONVERSION = YES;
				CLANG_WARN_NON_LITERAL_NULL_CONVERSION = YES;
				CLANG_WARN_OBJC_IMPLICIT_RETAIN_SELF = YES;
				CLANG_WARN_OBJC_LITERAL_CONVERSION = YES;
				CLANG_WARN_OBJC_ROOT_CLASS = YES_ERROR;
				CLANG_WARN_QUOTED_INCLUDE_IN_FRAMEWORK_HEADER = YES;
				CLANG_WARN_RANGE_LOOP_ANALYSIS = YES;
				CLANG_WARN_STRICT_PROTOTYPES = YES;
				CLANG_WARN_SUSPICIOUS_MOVE = YES;
				CLANG_WARN_UNGUARDED_AVAILABILITY = YES_AGGRESSIVE;
				CLANG_WARN_UNREACHABLE_CODE = YES;
				CLANG_WARN__DUPLICATE_METHOD_MATCH = YES;
				COPY_PHASE_STRIP = NO;
				DEBUG_INFORMATION_FORMAT = "dwarf-with-dsym";
				ENABLE_NS_ASSERTIONS = NO;
				ENABLE_STRICT_OBJC_MSGSEND = YES;
				ENABLE_USER_SCRIPT_SANDBOXING = YES;
				GCC_C_LANGUAGE_STANDARD = gnu17;
				GCC_NO_COMMON_BLOCKS = YES;
				GCC_WARN_64_TO_32_BIT_CONVERSION = YES;
				GCC_WARN_ABOUT_RETURN_TYPE = YES_ERROR;
				GCC_WARN_UNDECLARED_SELECTOR = YES;
				GCC_WARN_UNINITIALIZED_AUTOS = YES_AGGRESSIVE;
				GCC_WARN_UNUSED_FUNCTION = YES;
				GCC_WARN_UNUSED_VARIABLE = YES;
				IPHONEOS_DEPLOYMENT_TARGET = 18.2;
				LOCALIZATION_PREFERS_STRING_CATALOGS = YES;
				MTL_ENABLE_DEBUG_INFO = NO;
				MTL_FAST_MATH = YES;
				SDKROOT = iphoneos;
				SWIFT_COMPILATION_MODE = wholemodule;
				VALIDATE_PRODUCT = YES;
			};
			name = Release;
		};
		88CF33F02D195BE000C0425D /* Debug */ = {
			isa = XCBuildConfiguration;
			buildSettings = {
				ASSETCATALOG_COMPILER_APPICON_NAME = AppIcon;
				ASSETCATALOG_COMPILER_GLOBAL_ACCENT_COLOR_NAME = AccentColor;
				CODE_SIGN_STYLE = Automatic;
				CURRENT_PROJECT_VERSION = 1;
				DEVELOPMENT_ASSET_PATHS = "\"Travgram/Preview Content\"";
				DEVELOPMENT_TEAM = GJRVCWA2U3;
				ENABLE_PREVIEWS = YES;
				GENERATE_INFOPLIST_FILE = YES;
				INFOPLIST_KEY_UIApplicationSceneManifest_Generation = YES;
				INFOPLIST_KEY_UIApplicationSupportsIndirectInputEvents = YES;
				INFOPLIST_KEY_UILaunchScreen_Generation = YES;
				INFOPLIST_KEY_UISupportedInterfaceOrientations_iPad = "UIInterfaceOrientationPortrait UIInterfaceOrientationPortraitUpsideDown UIInterfaceOrientationLandscapeLeft UIInterfaceOrientationLandscapeRight";
				INFOPLIST_KEY_UISupportedInterfaceOrientations_iPhone = "UIInterfaceOrientationPortrait UIInterfaceOrientationLandscapeLeft UIInterfaceOrientationLandscapeRight";
				LD_RUNPATH_SEARCH_PATHS = (
					"$(inherited)",
					"@executable_path/Frameworks",
				);
				MARKETING_VERSION = 1.0;
				PRODUCT_BUNDLE_IDENTIFIER = com.yogacode.Travgram;
				PRODUCT_NAME = "$(TARGET_NAME)";
				SWIFT_EMIT_LOC_STRINGS = YES;
				SWIFT_VERSION = 5.0;
				TARGETED_DEVICE_FAMILY = "1,2";
			};
			name = Debug;
		};
		88CF33F12D195BE000C0425D /* Release */ = {
			isa = XCBuildConfiguration;
			buildSettings = {
				ASSETCATALOG_COMPILER_APPICON_NAME = AppIcon;
				ASSETCATALOG_COMPILER_GLOBAL_ACCENT_COLOR_NAME = AccentColor;
				CODE_SIGN_STYLE = Automatic;
				CURRENT_PROJECT_VERSION = 1;
				DEVELOPMENT_ASSET_PATHS = "\"Travgram/Preview Content\"";
				DEVELOPMENT_TEAM = GJRVCWA2U3;
				ENABLE_PREVIEWS = YES;
				GENERATE_INFOPLIST_FILE = YES;
				INFOPLIST_KEY_UIApplicationSceneManifest_Generation = YES;
				INFOPLIST_KEY_UIApplicationSupportsIndirectInputEvents = YES;
				INFOPLIST_KEY_UILaunchScreen_Generation = YES;
				INFOPLIST_KEY_UISupportedInterfaceOrientations_iPad = "UIInterfaceOrientationPortrait UIInterfaceOrientationPortraitUpsideDown UIInterfaceOrientationLandscapeLeft UIInterfaceOrientationLandscapeRight";
				INFOPLIST_KEY_UISupportedInterfaceOrientations_iPhone = "UIInterfaceOrientationPortrait UIInterfaceOrientationLandscapeLeft UIInterfaceOrientationLandscapeRight";
				LD_RUNPATH_SEARCH_PATHS = (
					"$(inherited)",
					"@executable_path/Frameworks",
				);
				MARKETING_VERSION = 1.0;
				PRODUCT_BUNDLE_IDENTIFIER = com.yogacode.Travgram;
				PRODUCT_NAME = "$(TARGET_NAME)";
				SWIFT_EMIT_LOC_STRINGS = YES;
				SWIFT_VERSION = 5.0;
				TARGETED_DEVICE_FAMILY = "1,2";
			};
			name = Release;
		};
		88CF33F32D195BE000C0425D /* Debug */ = {
			isa = XCBuildConfiguration;
			buildSettings = {
				BUNDLE_LOADER = "$(TEST_HOST)";
				CODE_SIGN_STYLE = Automatic;
				CURRENT_PROJECT_VERSION = 1;
				DEVELOPMENT_TEAM = GJRVCWA2U3;
				GENERATE_INFOPLIST_FILE = YES;
				IPHONEOS_DEPLOYMENT_TARGET = 18.2;
				MARKETING_VERSION = 1.0;
				PRODUCT_BUNDLE_IDENTIFIER = com.yogacode.TravgramTests;
				PRODUCT_NAME = "$(TARGET_NAME)";
				SWIFT_EMIT_LOC_STRINGS = NO;
				SWIFT_VERSION = 5.0;
				TARGETED_DEVICE_FAMILY = "1,2";
				TEST_HOST = "$(BUILT_PRODUCTS_DIR)/Travgram.app/$(BUNDLE_EXECUTABLE_FOLDER_PATH)/Travgram";
			};
			name = Debug;
		};
		88CF33F42D195BE000C0425D /* Release */ = {
			isa = XCBuildConfiguration;
			buildSettings = {
				BUNDLE_LOADER = "$(TEST_HOST)";
				CODE_SIGN_STYLE = Automatic;
				CURRENT_PROJECT_VERSION = 1;
				DEVELOPMENT_TEAM = GJRVCWA2U3;
				GENERATE_INFOPLIST_FILE = YES;
				IPHONEOS_DEPLOYMENT_TARGET = 18.2;
				MARKETING_VERSION = 1.0;
				PRODUCT_BUNDLE_IDENTIFIER = com.yogacode.TravgramTests;
				PRODUCT_NAME = "$(TARGET_NAME)";
				SWIFT_EMIT_LOC_STRINGS = NO;
				SWIFT_VERSION = 5.0;
				TARGETED_DEVICE_FAMILY = "1,2";
				TEST_HOST = "$(BUILT_PRODUCTS_DIR)/Travgram.app/$(BUNDLE_EXECUTABLE_FOLDER_PATH)/Travgram";
			};
			name = Release;
		};
		88CF33F62D195BE000C0425D /* Debug */ = {
			isa = XCBuildConfiguration;
			buildSettings = {
				CODE_SIGN_STYLE = Automatic;
				CURRENT_PROJECT_VERSION = 1;
				DEVELOPMENT_TEAM = GJRVCWA2U3;
				GENERATE_INFOPLIST_FILE = YES;
				MARKETING_VERSION = 1.0;
				PRODUCT_BUNDLE_IDENTIFIER = com.yogacode.TravgramUITests;
				PRODUCT_NAME = "$(TARGET_NAME)";
				SWIFT_EMIT_LOC_STRINGS = NO;
				SWIFT_VERSION = 5.0;
				TARGETED_DEVICE_FAMILY = "1,2";
				TEST_TARGET_NAME = Travgram;
			};
			name = Debug;
		};
		88CF33F72D195BE000C0425D /* Release */ = {
			isa = XCBuildConfiguration;
			buildSettings = {
				CODE_SIGN_STYLE = Automatic;
				CURRENT_PROJECT_VERSION = 1;
				DEVELOPMENT_TEAM = GJRVCWA2U3;
				GENERATE_INFOPLIST_FILE = YES;
				MARKETING_VERSION = 1.0;
				PRODUCT_BUNDLE_IDENTIFIER = com.yogacode.TravgramUITests;
				PRODUCT_NAME = "$(TARGET_NAME)";
				SWIFT_EMIT_LOC_STRINGS = NO;
				SWIFT_VERSION = 5.0;
				TARGETED_DEVICE_FAMILY = "1,2";
				TEST_TARGET_NAME = Travgram;
			};
			name = Release;
		};
/* End XCBuildConfiguration section */

/* Begin XCConfigurationList section */
		88CF33C62D195BDF00C0425D /* Build configuration list for PBXProject "Travgram" */ = {
			isa = XCConfigurationList;
			buildConfigurations = (
				88CF33ED2D195BE000C0425D /* Debug */,
				88CF33EE2D195BE000C0425D /* Release */,
			);
			defaultConfigurationIsVisible = 0;
			defaultConfigurationName = Release;
		};
		88CF33EF2D195BE000C0425D /* Build configuration list for PBXNativeTarget "Travgram" */ = {
			isa = XCConfigurationList;
			buildConfigurations = (
				88CF33F02D195BE000C0425D /* Debug */,
				88CF33F12D195BE000C0425D /* Release */,
			);
			defaultConfigurationIsVisible = 0;
			defaultConfigurationName = Release;
		};
		88CF33F22D195BE000C0425D /* Build configuration list for PBXNativeTarget "TravgramTests" */ = {
			isa = XCConfigurationList;
			buildConfigurations = (
				88CF33F32D195BE000C0425D /* Debug */,
				88CF33F42D195BE000C0425D /* Release */,
			);
			defaultConfigurationIsVisible = 0;
			defaultConfigurationName = Release;
		};
		88CF33F52D195BE000C0425D /* Build configuration list for PBXNativeTarget "TravgramUITests" */ = {
			isa = XCConfigurationList;
			buildConfigurations = (
				88CF33F62D195BE000C0425D /* Debug */,
				88CF33F72D195BE000C0425D /* Release */,
			);
			defaultConfigurationIsVisible = 0;
			defaultConfigurationName = Release;
		};
/* End XCConfigurationList section */

/* Begin XCRemoteSwiftPackageReference section */
		887C0AFE2D1B963000E896D8 /* XCRemoteSwiftPackageReference "lottie-ios" */ = {
			isa = XCRemoteSwiftPackageReference;
			repositoryURL = "https://github.com/airbnb/lottie-ios.git";
			requirement = {
				kind = upToNextMajorVersion;
				minimumVersion = 4.5.0;
			};
		};
/* End XCRemoteSwiftPackageReference section */

/* Begin XCSwiftPackageProductDependency section */
		887C0B012D1B972900E896D8 /* Lottie */ = {
			isa = XCSwiftPackageProductDependency;
			package = 887C0AFE2D1B963000E896D8 /* XCRemoteSwiftPackageReference "lottie-ios" */;
			productName = Lottie;
		};
/* End XCSwiftPackageProductDependency section */
	};
	rootObject = 88CF33C32D195BDF00C0425D /* Project object */;
}
